
Microsoft Visual Studio Solution File, Format Version 12.00
# Visual Studio Version 17
VisualStudioVersion = 17.5.33516.290
MinimumVisualStudioVersion = 10.0.40219.1
Project("{9A19103F-16F7-4668-BE54-9A1E7A4F7556}") = "NeonCult.Platformer.Launcher", "NeonCult.Platformer.Launcher\NeonCult.Platformer.Launcher.csproj", "{9717EF69-A875-4FA0-BC68-3839AD5CADE7}"
EndProject
Project("{9A19103F-16F7-4668-BE54-9A1E7A4F7556}") = "NeonCult.Platformer.Pipeline", "NeonCult.Platformer.Pipeline\NeonCult.Platformer.Pipeline.csproj", "{9C5F23D4-9803-457E-8219-4D655908F3AF}"
EndProject
Project("{9A19103F-16F7-4668-BE54-9A1E7A4F7556}") = "NeonCult.Platformer.Test", "NeonCult.Platformer.Test\NeonCult.Platformer.Test.csproj", "{86A2D3E5-2682-4841-B683-DDF0526BCD96}"
EndProject
Project("{9A19103F-16F7-4668-BE54-9A1E7A4F7556}") = "NeonCult.Platformer", "NeonCult.Platformer\NeonCult.Platformer.csproj", "{7C3B9DB7-8712-4884-A3AB-7AE9769FCFC2}"
EndProject
Global
	GlobalSection(SolutionConfigurationPlatforms) = preSolution
		Debug|Any CPU = Debug|Any CPU
		Release|Any CPU = Release|Any CPU
	EndGlobalSection
	GlobalSection(ProjectConfigurationPlatforms) = postSolution
		{9717EF69-A875-4FA0-BC68-3839AD5CADE7}.Debug|Any CPU.ActiveCfg = Debug|Any CPU
		{9717EF69-A875-4FA0-BC68-3839AD5CADE7}.Debug|Any CPU.Build.0 = Debug|Any CPU
		{9717EF69-A875-4FA0-BC68-3839AD5CADE7}.Release|Any CPU.ActiveCfg = Release|Any CPU
		{9717EF69-A875-4FA0-BC68-3839AD5CADE7}.Release|Any CPU.Build.0 = Release|Any CPU
		{9C5F23D4-9803-457E-8219-4D655908F3AF}.Debug|Any CPU.ActiveCfg = Debug|Any CPU
		{9C5F23D4-9803-457E-8219-4D655908F3AF}.Debug|Any CPU.Build.0 = Debug|Any CPU
		{9C5F23D4-9803-457E-8219-4D655908F3AF}.Release|Any CPU.ActiveCfg = Release|Any CPU
		{9C5F23D4-9803-457E-8219-4D655908F3AF}.Release|Any CPU.Build.0 = Release|Any CPU
		{86A2D3E5-2682-4841-B683-DDF0526BCD96}.Debug|Any CPU.ActiveCfg = Debug|Any CPU
		{86A2D3E5-2682-4841-B683-DDF0526BCD96}.Debug|Any CPU.Build.0 = Debug|Any CPU
		{86A2D3E5-2682-4841-B683-DDF0526BCD96}.Release|Any CPU.ActiveCfg = Release|Any CPU
		{86A2D3E5-2682-4841-B683-DDF0526BCD96}.Release|Any CPU.Build.0 = Release|Any CPU
		{7C3B9DB7-8712-4884-A3AB-7AE9769FCFC2}.Debug|Any CPU.ActiveCfg = Debug|Any CPU
		{7C3B9DB7-8712-4884-A3AB-7AE9769FCFC2}.Debug|Any CPU.Build.0 = Debug|Any CPU
		{7C3B9DB7-8712-4884-A3AB-7AE9769FCFC2}.Release|Any CPU.ActiveCfg = Release|Any CPU
		{7C3B9DB7-8712-4884-A3AB-7AE9769FCFC2}.Release|Any CPU.Build.0 = Release|Any CPU
	EndGlobalSection
	GlobalSection(SolutionProperties) = preSolution
		HideSolutionNode = FALSE
	EndGlobalSection
	GlobalSection(ExtensibilityGlobals) = postSolution
		SolutionGuid = {E31E596A-715F-40CB-A4BC-32485416904E}
	EndGlobalSection
EndGlobal
